// !$*UTF8*$!
{
	archiveVersion = 1;
	classes = {
	};
	objectVersion = 55;
	objects = {

/* Begin PBXBuildFile section */
		1A7EBAEFCEC92CCE9FDFAE5E /* Pods_Smilegate_Blog_Smilegate_BlogUITests.framework in Frameworks */ = {isa = PBXBuildFile; fileRef = 0E21C1715A6E8E3B53B3B975 /* Pods_Smilegate_Blog_Smilegate_BlogUITests.framework */; };
		4F2F01AB27316C51002C6452 /* AppDelegate.swift in Sources */ = {isa = PBXBuildFile; fileRef = 4F2F01AA27316C51002C6452 /* AppDelegate.swift */; };
		4F2F01AD27316C51002C6452 /* SceneDelegate.swift in Sources */ = {isa = PBXBuildFile; fileRef = 4F2F01AC27316C51002C6452 /* SceneDelegate.swift */; };
		4F2F01AF27316C51002C6452 /* ViewController.swift in Sources */ = {isa = PBXBuildFile; fileRef = 4F2F01AE27316C51002C6452 /* ViewController.swift */; };
		4F2F01B227316C51002C6452 /* Main.storyboard in Resources */ = {isa = PBXBuildFile; fileRef = 4F2F01B027316C51002C6452 /* Main.storyboard */; };
		4F2F01B427316C53002C6452 /* Assets.xcassets in Resources */ = {isa = PBXBuildFile; fileRef = 4F2F01B327316C53002C6452 /* Assets.xcassets */; };
		4F2F01B727316C53002C6452 /* LaunchScreen.storyboard in Resources */ = {isa = PBXBuildFile; fileRef = 4F2F01B527316C53002C6452 /* LaunchScreen.storyboard */; };
		4F2F01C227316C54002C6452 /* Smilegate_BlogTests.swift in Sources */ = {isa = PBXBuildFile; fileRef = 4F2F01C127316C54002C6452 /* Smilegate_BlogTests.swift */; };
		4F2F01CC27316C54002C6452 /* Smilegate_BlogUITests.swift in Sources */ = {isa = PBXBuildFile; fileRef = 4F2F01CB27316C54002C6452 /* Smilegate_BlogUITests.swift */; };
		4F2F01CE27316C54002C6452 /* Smilegate_BlogUITestsLaunchTests.swift in Sources */ = {isa = PBXBuildFile; fileRef = 4F2F01CD27316C54002C6452 /* Smilegate_BlogUITestsLaunchTests.swift */; };
		4FC8DC1E2732569F008E2449 /* .swiftlint.yml in Resources */ = {isa = PBXBuildFile; fileRef = 4FC8DC1D2732569F008E2449 /* .swiftlint.yml */; };
		6307B75A7A754E3FF6737222 /* Pods_Smilegate_Blog.framework in Frameworks */ = {isa = PBXBuildFile; fileRef = 6A3B53937A9784C12A625D91 /* Pods_Smilegate_Blog.framework */; };
		A256791D67A1BB99099B1208 /* Pods_Smilegate_BlogTests.framework in Frameworks */ = {isa = PBXBuildFile; fileRef = E43148A7B26FE2022AB02CB8 /* Pods_Smilegate_BlogTests.framework */; };
/* End PBXBuildFile section */

/* Begin PBXContainerItemProxy section */
		4F2F01BE27316C54002C6452 /* PBXContainerItemProxy */ = {
			isa = PBXContainerItemProxy;
			containerPortal = 4F2F019F27316C51002C6452 /* Project object */;
			proxyType = 1;
			remoteGlobalIDString = 4F2F01A627316C51002C6452;
			remoteInfo = Smilegate_Blog;
		};
		4F2F01C827316C54002C6452 /* PBXContainerItemProxy */ = {
			isa = PBXContainerItemProxy;
			containerPortal = 4F2F019F27316C51002C6452 /* Project object */;
			proxyType = 1;
			remoteGlobalIDString = 4F2F01A627316C51002C6452;
			remoteInfo = Smilegate_Blog;
		};
/* End PBXContainerItemProxy section */

/* Begin PBXFileReference section */
		0E21C1715A6E8E3B53B3B975 /* Pods_Smilegate_Blog_Smilegate_BlogUITests.framework */ = {isa = PBXFileReference; explicitFileType = wrapper.framework; includeInIndex = 0; path = Pods_Smilegate_Blog_Smilegate_BlogUITests.framework; sourceTree = BUILT_PRODUCTS_DIR; };
		154EFFF26747A7687DC1D201 /* Pods-Smilegate_BlogTests.debug.xcconfig */ = {isa = PBXFileReference; includeInIndex = 1; lastKnownFileType = text.xcconfig; name = "Pods-Smilegate_BlogTests.debug.xcconfig"; path = "Target Support Files/Pods-Smilegate_BlogTests/Pods-Smilegate_BlogTests.debug.xcconfig"; sourceTree = "<group>"; };
		4F2F01A727316C51002C6452 /* Smilegate_Blog.app */ = {isa = PBXFileReference; explicitFileType = wrapper.application; includeInIndex = 0; path = Smilegate_Blog.app; sourceTree = BUILT_PRODUCTS_DIR; };
		4F2F01AA27316C51002C6452 /* AppDelegate.swift */ = {isa = PBXFileReference; lastKnownFileType = sourcecode.swift; path = AppDelegate.swift; sourceTree = "<group>"; };
		4F2F01AC27316C51002C6452 /* SceneDelegate.swift */ = {isa = PBXFileReference; lastKnownFileType = sourcecode.swift; path = SceneDelegate.swift; sourceTree = "<group>"; };
		4F2F01AE27316C51002C6452 /* ViewController.swift */ = {isa = PBXFileReference; lastKnownFileType = sourcecode.swift; path = ViewController.swift; sourceTree = "<group>"; };
		4F2F01B127316C51002C6452 /* Base */ = {isa = PBXFileReference; lastKnownFileType = file.storyboard; name = Base; path = Base.lproj/Main.storyboard; sourceTree = "<group>"; };
		4F2F01B327316C53002C6452 /* Assets.xcassets */ = {isa = PBXFileReference; lastKnownFileType = folder.assetcatalog; path = Assets.xcassets; sourceTree = "<group>"; };
		4F2F01B627316C53002C6452 /* Base */ = {isa = PBXFileReference; lastKnownFileType = file.storyboard; name = Base; path = Base.lproj/LaunchScreen.storyboard; sourceTree = "<group>"; };
		4F2F01B827316C53002C6452 /* Info.plist */ = {isa = PBXFileReference; lastKnownFileType = text.plist.xml; path = Info.plist; sourceTree = "<group>"; };
		4F2F01BD27316C54002C6452 /* Smilegate_BlogTests.xctest */ = {isa = PBXFileReference; explicitFileType = wrapper.cfbundle; includeInIndex = 0; path = Smilegate_BlogTests.xctest; sourceTree = BUILT_PRODUCTS_DIR; };
		4F2F01C127316C54002C6452 /* Smilegate_BlogTests.swift */ = {isa = PBXFileReference; lastKnownFileType = sourcecode.swift; path = Smilegate_BlogTests.swift; sourceTree = "<group>"; };
		4F2F01C727316C54002C6452 /* Smilegate_BlogUITests.xctest */ = {isa = PBXFileReference; explicitFileType = wrapper.cfbundle; includeInIndex = 0; path = Smilegate_BlogUITests.xctest; sourceTree = BUILT_PRODUCTS_DIR; };
		4F2F01CB27316C54002C6452 /* Smilegate_BlogUITests.swift */ = {isa = PBXFileReference; lastKnownFileType = sourcecode.swift; path = Smilegate_BlogUITests.swift; sourceTree = "<group>"; };
		4F2F01CD27316C54002C6452 /* Smilegate_BlogUITestsLaunchTests.swift */ = {isa = PBXFileReference; lastKnownFileType = sourcecode.swift; path = Smilegate_BlogUITestsLaunchTests.swift; sourceTree = "<group>"; };
		4FC8DC1B27324A69008E2449 /* GoogleService-Info.plist */ = {isa = PBXFileReference; lastKnownFileType = text.plist; name = "GoogleService-Info.plist"; path = "../../../../Downloads/GoogleService-Info.plist"; sourceTree = "<group>"; };
		4FC8DC1D2732569F008E2449 /* .swiftlint.yml */ = {isa = PBXFileReference; lastKnownFileType = text.yaml; path = .swiftlint.yml; sourceTree = "<group>"; };
		6A3B53937A9784C12A625D91 /* Pods_Smilegate_Blog.framework */ = {isa = PBXFileReference; explicitFileType = wrapper.framework; includeInIndex = 0; path = Pods_Smilegate_Blog.framework; sourceTree = BUILT_PRODUCTS_DIR; };
		83F78598CAA69E4F282DA136 /* Pods-Smilegate_BlogTests.release.xcconfig */ = {isa = PBXFileReference; includeInIndex = 1; lastKnownFileType = text.xcconfig; name = "Pods-Smilegate_BlogTests.release.xcconfig"; path = "Target Support Files/Pods-Smilegate_BlogTests/Pods-Smilegate_BlogTests.release.xcconfig"; sourceTree = "<group>"; };
		9103E6CB5DBDA1D46D34A218 /* Pods-Smilegate_Blog.release.xcconfig */ = {isa = PBXFileReference; includeInIndex = 1; lastKnownFileType = text.xcconfig; name = "Pods-Smilegate_Blog.release.xcconfig"; path = "Target Support Files/Pods-Smilegate_Blog/Pods-Smilegate_Blog.release.xcconfig"; sourceTree = "<group>"; };
		A2239F199B7FC78093BB6C72 /* Pods-Smilegate_Blog-Smilegate_BlogUITests.debug.xcconfig */ = {isa = PBXFileReference; includeInIndex = 1; lastKnownFileType = text.xcconfig; name = "Pods-Smilegate_Blog-Smilegate_BlogUITests.debug.xcconfig"; path = "Target Support Files/Pods-Smilegate_Blog-Smilegate_BlogUITests/Pods-Smilegate_Blog-Smilegate_BlogUITests.debug.xcconfig"; sourceTree = "<group>"; };
		D24850D28F8F372854F49AD5 /* Pods-Smilegate_Blog.debug.xcconfig */ = {isa = PBXFileReference; includeInIndex = 1; lastKnownFileType = text.xcconfig; name = "Pods-Smilegate_Blog.debug.xcconfig"; path = "Target Support Files/Pods-Smilegate_Blog/Pods-Smilegate_Blog.debug.xcconfig"; sourceTree = "<group>"; };
		E43148A7B26FE2022AB02CB8 /* Pods_Smilegate_BlogTests.framework */ = {isa = PBXFileReference; explicitFileType = wrapper.framework; includeInIndex = 0; path = Pods_Smilegate_BlogTests.framework; sourceTree = BUILT_PRODUCTS_DIR; };
		F59238E18DD1309216A5FE1E /* Pods-Smilegate_Blog-Smilegate_BlogUITests.release.xcconfig */ = {isa = PBXFileReference; includeInIndex = 1; lastKnownFileType = text.xcconfig; name = "Pods-Smilegate_Blog-Smilegate_BlogUITests.release.xcconfig"; path = "Target Support Files/Pods-Smilegate_Blog-Smilegate_BlogUITests/Pods-Smilegate_Blog-Smilegate_BlogUITests.release.xcconfig"; sourceTree = "<group>"; };
/* End PBXFileReference section */

/* Begin PBXFrameworksBuildPhase section */
		4F2F01A427316C51002C6452 /* Frameworks */ = {
			isa = PBXFrameworksBuildPhase;
			buildActionMask = 2147483647;
			files = (
				6307B75A7A754E3FF6737222 /* Pods_Smilegate_Blog.framework in Frameworks */,
			);
			runOnlyForDeploymentPostprocessing = 0;
		};
		4F2F01BA27316C54002C6452 /* Frameworks */ = {
			isa = PBXFrameworksBuildPhase;
			buildActionMask = 2147483647;
			files = (
				A256791D67A1BB99099B1208 /* Pods_Smilegate_BlogTests.framework in Frameworks */,
			);
			runOnlyForDeploymentPostprocessing = 0;
		};
		4F2F01C427316C54002C6452 /* Frameworks */ = {
			isa = PBXFrameworksBuildPhase;
			buildActionMask = 2147483647;
			files = (
				1A7EBAEFCEC92CCE9FDFAE5E /* Pods_Smilegate_Blog_Smilegate_BlogUITests.framework in Frameworks */,
			);
			runOnlyForDeploymentPostprocessing = 0;
		};
/* End PBXFrameworksBuildPhase section */

/* Begin PBXGroup section */
		144C9AEBE68264AF254678AC /* Frameworks */ = {
			isa = PBXGroup;
			children = (
				6A3B53937A9784C12A625D91 /* Pods_Smilegate_Blog.framework */,
				0E21C1715A6E8E3B53B3B975 /* Pods_Smilegate_Blog_Smilegate_BlogUITests.framework */,
				E43148A7B26FE2022AB02CB8 /* Pods_Smilegate_BlogTests.framework */,
			);
			name = Frameworks;
			sourceTree = "<group>";
		};
		4F2F019E27316C51002C6452 = {
			isa = PBXGroup;
			children = (
				4FC8DC1D2732569F008E2449 /* .swiftlint.yml */,
				4F2F01A927316C51002C6452 /* Smilegate_Blog */,
				4F2F01C027316C54002C6452 /* Smilegate_BlogTests */,
				4F2F01CA27316C54002C6452 /* Smilegate_BlogUITests */,
				4F2F01A827316C51002C6452 /* Products */,
				5754AFB5A322D3E095BC9824 /* Pods */,
				144C9AEBE68264AF254678AC /* Frameworks */,
			);
			sourceTree = "<group>";
		};
		4F2F01A827316C51002C6452 /* Products */ = {
			isa = PBXGroup;
			children = (
				4F2F01A727316C51002C6452 /* Smilegate_Blog.app */,
				4F2F01BD27316C54002C6452 /* Smilegate_BlogTests.xctest */,
				4F2F01C727316C54002C6452 /* Smilegate_BlogUITests.xctest */,
			);
			name = Products;
			sourceTree = "<group>";
		};
		4F2F01A927316C51002C6452 /* Smilegate_Blog */ = {
			isa = PBXGroup;
			children = (
				4F2F01AA27316C51002C6452 /* AppDelegate.swift */,
				4F2F01AC27316C51002C6452 /* SceneDelegate.swift */,
				4F2F01AE27316C51002C6452 /* ViewController.swift */,
				4F2F01B027316C51002C6452 /* Main.storyboard */,
				4F2F01B327316C53002C6452 /* Assets.xcassets */,
				4F2F01B527316C53002C6452 /* LaunchScreen.storyboard */,
				4F2F01B827316C53002C6452 /* Info.plist */,
				4FC8DC1B27324A69008E2449 /* GoogleService-Info.plist */,
			);
			path = Smilegate_Blog;
			sourceTree = "<group>";
		};
		4F2F01C027316C54002C6452 /* Smilegate_BlogTests */ = {
			isa = PBXGroup;
			children = (
				4F2F01C127316C54002C6452 /* Smilegate_BlogTests.swift */,
			);
			path = Smilegate_BlogTests;
			sourceTree = "<group>";
		};
		4F2F01CA27316C54002C6452 /* Smilegate_BlogUITests */ = {
			isa = PBXGroup;
			children = (
				4F2F01CB27316C54002C6452 /* Smilegate_BlogUITests.swift */,
				4F2F01CD27316C54002C6452 /* Smilegate_BlogUITestsLaunchTests.swift */,
			);
			path = Smilegate_BlogUITests;
			sourceTree = "<group>";
		};
		5754AFB5A322D3E095BC9824 /* Pods */ = {
			isa = PBXGroup;
			children = (
				D24850D28F8F372854F49AD5 /* Pods-Smilegate_Blog.debug.xcconfig */,
				9103E6CB5DBDA1D46D34A218 /* Pods-Smilegate_Blog.release.xcconfig */,
				A2239F199B7FC78093BB6C72 /* Pods-Smilegate_Blog-Smilegate_BlogUITests.debug.xcconfig */,
				F59238E18DD1309216A5FE1E /* Pods-Smilegate_Blog-Smilegate_BlogUITests.release.xcconfig */,
				154EFFF26747A7687DC1D201 /* Pods-Smilegate_BlogTests.debug.xcconfig */,
				83F78598CAA69E4F282DA136 /* Pods-Smilegate_BlogTests.release.xcconfig */,
			);
			path = Pods;
			sourceTree = "<group>";
		};
/* End PBXGroup section */

/* Begin PBXNativeTarget section */
		4F2F01A627316C51002C6452 /* Smilegate_Blog */ = {
			isa = PBXNativeTarget;
			buildConfigurationList = 4F2F01D127316C54002C6452 /* Build configuration list for PBXNativeTarget "Smilegate_Blog" */;
			buildPhases = (
				CC365BD2041654FB3889012C /* [CP] Check Pods Manifest.lock */,
				4F2F01A327316C51002C6452 /* Sources */,
				4F2F01A427316C51002C6452 /* Frameworks */,
				4F2F01A527316C51002C6452 /* Resources */,
				42881D177A18F47D4175DB28 /* [CP] Embed Pods Frameworks */,
				4FC8DC1C273250F5008E2449 /* ShellScript */,
			);
			buildRules = (
			);
			dependencies = (
			);
			name = Smilegate_Blog;
			productName = Smilegate_Blog;
			productReference = 4F2F01A727316C51002C6452 /* Smilegate_Blog.app */;
			productType = "com.apple.product-type.application";
		};
		4F2F01BC27316C54002C6452 /* Smilegate_BlogTests */ = {
			isa = PBXNativeTarget;
			buildConfigurationList = 4F2F01D427316C54002C6452 /* Build configuration list for PBXNativeTarget "Smilegate_BlogTests" */;
			buildPhases = (
				7CA432E7DBBA67C33EF92CBC /* [CP] Check Pods Manifest.lock */,
				4F2F01B927316C54002C6452 /* Sources */,
				4F2F01BA27316C54002C6452 /* Frameworks */,
				4F2F01BB27316C54002C6452 /* Resources */,
			);
			buildRules = (
			);
			dependencies = (
				4F2F01BF27316C54002C6452 /* PBXTargetDependency */,
			);
			name = Smilegate_BlogTests;
			productName = Smilegate_BlogTests;
			productReference = 4F2F01BD27316C54002C6452 /* Smilegate_BlogTests.xctest */;
			productType = "com.apple.product-type.bundle.unit-test";
		};
		4F2F01C627316C54002C6452 /* Smilegate_BlogUITests */ = {
			isa = PBXNativeTarget;
			buildConfigurationList = 4F2F01D727316C54002C6452 /* Build configuration list for PBXNativeTarget "Smilegate_BlogUITests" */;
			buildPhases = (
				D6077F94DEB95492C4D78C45 /* [CP] Check Pods Manifest.lock */,
				4F2F01C327316C54002C6452 /* Sources */,
				4F2F01C427316C54002C6452 /* Frameworks */,
				4F2F01C527316C54002C6452 /* Resources */,
				5D9A1429843C66A0330C5FD2 /* [CP] Embed Pods Frameworks */,
			);
			buildRules = (
			);
			dependencies = (
				4F2F01C927316C54002C6452 /* PBXTargetDependency */,
			);
			name = Smilegate_BlogUITests;
			productName = Smilegate_BlogUITests;
			productReference = 4F2F01C727316C54002C6452 /* Smilegate_BlogUITests.xctest */;
			productType = "com.apple.product-type.bundle.ui-testing";
		};
/* End PBXNativeTarget section */

/* Begin PBXProject section */
		4F2F019F27316C51002C6452 /* Project object */ = {
			isa = PBXProject;
			attributes = {
				BuildIndependentTargetsInParallel = 1;
				LastSwiftUpdateCheck = 1310;
				LastUpgradeCheck = 1310;
				TargetAttributes = {
					4F2F01A627316C51002C6452 = {
						CreatedOnToolsVersion = 13.1;
					};
					4F2F01BC27316C54002C6452 = {
						CreatedOnToolsVersion = 13.1;
						TestTargetID = 4F2F01A627316C51002C6452;
					};
					4F2F01C627316C54002C6452 = {
						CreatedOnToolsVersion = 13.1;
						TestTargetID = 4F2F01A627316C51002C6452;
					};
				};
			};
			buildConfigurationList = 4F2F01A227316C51002C6452 /* Build configuration list for PBXProject "Smilegate_Blog" */;
			compatibilityVersion = "Xcode 13.0";
			developmentRegion = en;
			hasScannedForEncodings = 0;
			knownRegions = (
				en,
				Base,
			);
			mainGroup = 4F2F019E27316C51002C6452;
			productRefGroup = 4F2F01A827316C51002C6452 /* Products */;
			projectDirPath = "";
			projectRoot = "";
			targets = (
				4F2F01A627316C51002C6452 /* Smilegate_Blog */,
				4F2F01BC27316C54002C6452 /* Smilegate_BlogTests */,
				4F2F01C627316C54002C6452 /* Smilegate_BlogUITests */,
			);
		};
/* End PBXProject section */

/* Begin PBXResourcesBuildPhase section */
		4F2F01A527316C51002C6452 /* Resources */ = {
			isa = PBXResourcesBuildPhase;
			buildActionMask = 2147483647;
			files = (
				4FC8DC1E2732569F008E2449 /* .swiftlint.yml in Resources */,
				4F2F01B727316C53002C6452 /* LaunchScreen.storyboard in Resources */,
				4F2F01B427316C53002C6452 /* Assets.xcassets in Resources */,
				4F2F01B227316C51002C6452 /* Main.storyboard in Resources */,
			);
			runOnlyForDeploymentPostprocessing = 0;
		};
		4F2F01BB27316C54002C6452 /* Resources */ = {
			isa = PBXResourcesBuildPhase;
			buildActionMask = 2147483647;
			files = (
			);
			runOnlyForDeploymentPostprocessing = 0;
		};
		4F2F01C527316C54002C6452 /* Resources */ = {
			isa = PBXResourcesBuildPhase;
			buildActionMask = 2147483647;
			files = (
			);
			runOnlyForDeploymentPostprocessing = 0;
		};
/* End PBXResourcesBuildPhase section */

/* Begin PBXShellScriptBuildPhase section */
		42881D177A18F47D4175DB28 /* [CP] Embed Pods Frameworks */ = {
			isa = PBXShellScriptBuildPhase;
			buildActionMask = 2147483647;
			files = (
			);
			inputFileListPaths = (
				"${PODS_ROOT}/Target Support Files/Pods-Smilegate_Blog/Pods-Smilegate_Blog-frameworks-${CONFIGURATION}-input-files.xcfilelist",
			);
			name = "[CP] Embed Pods Frameworks";
			outputFileListPaths = (
				"${PODS_ROOT}/Target Support Files/Pods-Smilegate_Blog/Pods-Smilegate_Blog-frameworks-${CONFIGURATION}-output-files.xcfilelist",
			);
			runOnlyForDeploymentPostprocessing = 0;
			shellPath = /bin/sh;
			shellScript = "\"${PODS_ROOT}/Target Support Files/Pods-Smilegate_Blog/Pods-Smilegate_Blog-frameworks.sh\"\n";
			showEnvVarsInLog = 0;
		};
		4FC8DC1C273250F5008E2449 /* ShellScript */ = {
			isa = PBXShellScriptBuildPhase;
			buildActionMask = 2147483647;
			files = (
			);
			inputFileListPaths = (
			);
			inputPaths = (
			);
			outputFileListPaths = (
			);
			outputPaths = (
			);
			runOnlyForDeploymentPostprocessing = 0;
			shellPath = /bin/sh;
			shellScript = "\"${PODS_ROOT}/SwiftLint/swiftlint\"\n";
		};
		5D9A1429843C66A0330C5FD2 /* [CP] Embed Pods Frameworks */ = {
			isa = PBXShellScriptBuildPhase;
			buildActionMask = 2147483647;
			files = (
			);
			inputFileListPaths = (
				"${PODS_ROOT}/Target Support Files/Pods-Smilegate_Blog-Smilegate_BlogUITests/Pods-Smilegate_Blog-Smilegate_BlogUITests-frameworks-${CONFIGURATION}-input-files.xcfilelist",
			);
			name = "[CP] Embed Pods Frameworks";
			outputFileListPaths = (
				"${PODS_ROOT}/Target Support Files/Pods-Smilegate_Blog-Smilegate_BlogUITests/Pods-Smilegate_Blog-Smilegate_BlogUITests-frameworks-${CONFIGURATION}-output-files.xcfilelist",
			);
			runOnlyForDeploymentPostprocessing = 0;
			shellPath = /bin/sh;
			shellScript = "\"${PODS_ROOT}/Target Support Files/Pods-Smilegate_Blog-Smilegate_BlogUITests/Pods-Smilegate_Blog-Smilegate_BlogUITests-frameworks.sh\"\n";
			showEnvVarsInLog = 0;
		};
		7CA432E7DBBA67C33EF92CBC /* [CP] Check Pods Manifest.lock */ = {
			isa = PBXShellScriptBuildPhase;
			buildActionMask = 2147483647;
			files = (
			);
			inputFileListPaths = (
			);
			inputPaths = (
				"${PODS_PODFILE_DIR_PATH}/Podfile.lock",
				"${PODS_ROOT}/Manifest.lock",
			);
			name = "[CP] Check Pods Manifest.lock";
			outputFileListPaths = (
			);
			outputPaths = (
				"$(DERIVED_FILE_DIR)/Pods-Smilegate_BlogTests-checkManifestLockResult.txt",
			);
			runOnlyForDeploymentPostprocessing = 0;
			shellPath = /bin/sh;
			shellScript = "diff \"${PODS_PODFILE_DIR_PATH}/Podfile.lock\" \"${PODS_ROOT}/Manifest.lock\" > /dev/null\nif [ $? != 0 ] ; then\n    # print error to STDERR\n    echo \"error: The sandbox is not in sync with the Podfile.lock. Run 'pod install' or update your CocoaPods installation.\" >&2\n    exit 1\nfi\n# This output is used by Xcode 'outputs' to avoid re-running this script phase.\necho \"SUCCESS\" > \"${SCRIPT_OUTPUT_FILE_0}\"\n";
			showEnvVarsInLog = 0;
		};
		CC365BD2041654FB3889012C /* [CP] Check Pods Manifest.lock */ = {
			isa = PBXShellScriptBuildPhase;
			buildActionMask = 2147483647;
			files = (
			);
			inputFileListPaths = (
			);
			inputPaths = (
				"${PODS_PODFILE_DIR_PATH}/Podfile.lock",
				"${PODS_ROOT}/Manifest.lock",
			);
			name = "[CP] Check Pods Manifest.lock";
			outputFileListPaths = (
			);
			outputPaths = (
				"$(DERIVED_FILE_DIR)/Pods-Smilegate_Blog-checkManifestLockResult.txt",
			);
			runOnlyForDeploymentPostprocessing = 0;
			shellPath = /bin/sh;
			shellScript = "diff \"${PODS_PODFILE_DIR_PATH}/Podfile.lock\" \"${PODS_ROOT}/Manifest.lock\" > /dev/null\nif [ $? != 0 ] ; then\n    # print error to STDERR\n    echo \"error: The sandbox is not in sync with the Podfile.lock. Run 'pod install' or update your CocoaPods installation.\" >&2\n    exit 1\nfi\n# This output is used by Xcode 'outputs' to avoid re-running this script phase.\necho \"SUCCESS\" > \"${SCRIPT_OUTPUT_FILE_0}\"\n";
			showEnvVarsInLog = 0;
		};
		D6077F94DEB95492C4D78C45 /* [CP] Check Pods Manifest.lock */ = {
			isa = PBXShellScriptBuildPhase;
			buildActionMask = 2147483647;
			files = (
			);
			inputFileListPaths = (
			);
			inputPaths = (
				"${PODS_PODFILE_DIR_PATH}/Podfile.lock",
				"${PODS_ROOT}/Manifest.lock",
			);
			name = "[CP] Check Pods Manifest.lock";
			outputFileListPaths = (
			);
			outputPaths = (
				"$(DERIVED_FILE_DIR)/Pods-Smilegate_Blog-Smilegate_BlogUITests-checkManifestLockResult.txt",
			);
			runOnlyForDeploymentPostprocessing = 0;
			shellPath = /bin/sh;
			shellScript = "diff \"${PODS_PODFILE_DIR_PATH}/Podfile.lock\" \"${PODS_ROOT}/Manifest.lock\" > /dev/null\nif [ $? != 0 ] ; then\n    # print error to STDERR\n    echo \"error: The sandbox is not in sync with the Podfile.lock. Run 'pod install' or update your CocoaPods installation.\" >&2\n    exit 1\nfi\n# This output is used by Xcode 'outputs' to avoid re-running this script phase.\necho \"SUCCESS\" > \"${SCRIPT_OUTPUT_FILE_0}\"\n";
			showEnvVarsInLog = 0;
		};
/* End PBXShellScriptBuildPhase section */

/* Begin PBXSourcesBuildPhase section */
		4F2F01A327316C51002C6452 /* Sources */ = {
			isa = PBXSourcesBuildPhase;
			buildActionMask = 2147483647;
			files = (
				4F2F01AF27316C51002C6452 /* ViewController.swift in Sources */,
				4F2F01AB27316C51002C6452 /* AppDelegate.swift in Sources */,
				4F2F01AD27316C51002C6452 /* SceneDelegate.swift in Sources */,
			);
			runOnlyForDeploymentPostprocessing = 0;
		};
		4F2F01B927316C54002C6452 /* Sources */ = {
			isa = PBXSourcesBuildPhase;
			buildActionMask = 2147483647;
			files = (
				4F2F01C227316C54002C6452 /* Smilegate_BlogTests.swift in Sources */,
			);
			runOnlyForDeploymentPostprocessing = 0;
		};
		4F2F01C327316C54002C6452 /* Sources */ = {
			isa = PBXSourcesBuildPhase;
			buildActionMask = 2147483647;
			files = (
				4F2F01CE27316C54002C6452 /* Smilegate_BlogUITestsLaunchTests.swift in Sources */,
				4F2F01CC27316C54002C6452 /* Smilegate_BlogUITests.swift in Sources */,
			);
			runOnlyForDeploymentPostprocessing = 0;
		};
/* End PBXSourcesBuildPhase section */

/* Begin PBXTargetDependency section */
		4F2F01BF27316C54002C6452 /* PBXTargetDependency */ = {
			isa = PBXTargetDependency;
			target = 4F2F01A627316C51002C6452 /* Smilegate_Blog */;
			targetProxy = 4F2F01BE27316C54002C6452 /* PBXContainerItemProxy */;
		};
		4F2F01C927316C54002C6452 /* PBXTargetDependency */ = {
			isa = PBXTargetDependency;
			target = 4F2F01A627316C51002C6452 /* Smilegate_Blog */;
			targetProxy = 4F2F01C827316C54002C6452 /* PBXContainerItemProxy */;
		};
/* End PBXTargetDependency section */

/* Begin PBXVariantGroup section */
		4F2F01B027316C51002C6452 /* Main.storyboard */ = {
			isa = PBXVariantGroup;
			children = (
				4F2F01B127316C51002C6452 /* Base */,
			);
			name = Main.storyboard;
			sourceTree = "<group>";
		};
		4F2F01B527316C53002C6452 /* LaunchScreen.storyboard */ = {
			isa = PBXVariantGroup;
			children = (
				4F2F01B627316C53002C6452 /* Base */,
			);
			name = LaunchScreen.storyboard;
			sourceTree = "<group>";
		};
/* End PBXVariantGroup section */

/* Begin XCBuildConfiguration section */
		4F2F01CF27316C54002C6452 /* Debug */ = {
			isa = XCBuildConfiguration;
			buildSettings = {
				ALWAYS_SEARCH_USER_PATHS = NO;
				CLANG_ANALYZER_NONNULL = YES;
				CLANG_ANALYZER_NUMBER_OBJECT_CONVERSION = YES_AGGRESSIVE;
				CLANG_CXX_LANGUAGE_STANDARD = "gnu++17";
				CLANG_CXX_LIBRARY = "libc++";
				CLANG_ENABLE_MODULES = YES;
				CLANG_ENABLE_OBJC_ARC = YES;
				CLANG_ENABLE_OBJC_WEAK = YES;
				CLANG_WARN_BLOCK_CAPTURE_AUTORELEASING = YES;
				CLANG_WARN_BOOL_CONVERSION = YES;
				CLANG_WARN_COMMA = YES;
				CLANG_WARN_CONSTANT_CONVERSION = YES;
				CLANG_WARN_DEPRECATED_OBJC_IMPLEMENTATIONS = YES;
				CLANG_WARN_DIRECT_OBJC_ISA_USAGE = YES_ERROR;
				CLANG_WARN_DOCUMENTATION_COMMENTS = YES;
				CLANG_WARN_EMPTY_BODY = YES;
				CLANG_WARN_ENUM_CONVERSION = YES;
				CLANG_WARN_INFINITE_RECURSION = YES;
				CLANG_WARN_INT_CONVERSION = YES;
				CLANG_WARN_NON_LITERAL_NULL_CONVERSION = YES;
				CLANG_WARN_OBJC_IMPLICIT_RETAIN_SELF = YES;
				CLANG_WARN_OBJC_LITERAL_CONVERSION = YES;
				CLANG_WARN_OBJC_ROOT_CLASS = YES_ERROR;
				CLANG_WARN_QUOTED_INCLUDE_IN_FRAMEWORK_HEADER = YES;
				CLANG_WARN_RANGE_LOOP_ANALYSIS = YES;
				CLANG_WARN_STRICT_PROTOTYPES = YES;
				CLANG_WARN_SUSPICIOUS_MOVE = YES;
				CLANG_WARN_UNGUARDED_AVAILABILITY = YES_AGGRESSIVE;
				CLANG_WARN_UNREACHABLE_CODE = YES;
				CLANG_WARN__DUPLICATE_METHOD_MATCH = YES;
				COPY_PHASE_STRIP = NO;
				DEBUG_INFORMATION_FORMAT = dwarf;
				ENABLE_STRICT_OBJC_MSGSEND = YES;
				ENABLE_TESTABILITY = YES;
				GCC_C_LANGUAGE_STANDARD = gnu11;
				GCC_DYNAMIC_NO_PIC = NO;
				GCC_NO_COMMON_BLOCKS = YES;
				GCC_OPTIMIZATION_LEVEL = 0;
				GCC_PREPROCESSOR_DEFINITIONS = (
					"DEBUG=1",
					"$(inherited)",
				);
				GCC_WARN_64_TO_32_BIT_CONVERSION = YES;
				GCC_WARN_ABOUT_RETURN_TYPE = YES_ERROR;
				GCC_WARN_UNDECLARED_SELECTOR = YES;
				GCC_WARN_UNINITIALIZED_AUTOS = YES_AGGRESSIVE;
				GCC_WARN_UNUSED_FUNCTION = YES;
				GCC_WARN_UNUSED_VARIABLE = YES;
				IPHONEOS_DEPLOYMENT_TARGET = 15.0;
				MTL_ENABLE_DEBUG_INFO = INCLUDE_SOURCE;
				MTL_FAST_MATH = YES;
				ONLY_ACTIVE_ARCH = YES;
				SDKROOT = iphoneos;
				SWIFT_ACTIVE_COMPILATION_CONDITIONS = DEBUG;
				SWIFT_OPTIMIZATION_LEVEL = "-Onone";
			};
			name = Debug;
		};
		4F2F01D027316C54002C6452 /* Release */ = {
			isa = XCBuildConfiguration;
			buildSettings = {
				ALWAYS_SEARCH_USER_PATHS = NO;
				CLANG_ANALYZER_NONNULL = YES;
				CLANG_ANALYZER_NUMBER_OBJECT_CONVERSION = YES_AGGRESSIVE;
				CLANG_CXX_LANGUAGE_STANDARD = "gnu++17";
				CLANG_CXX_LIBRARY = "libc++";
				CLANG_ENABLE_MODULES = YES;
				CLANG_ENABLE_OBJC_ARC = YES;
				CLANG_ENABLE_OBJC_WEAK = YES;
				CLANG_WARN_BLOCK_CAPTURE_AUTORELEASING = YES;
				CLANG_WARN_BOOL_CONVERSION = YES;
				CLANG_WARN_COMMA = YES;
				CLANG_WARN_CONSTANT_CONVERSION = YES;
				CLANG_WARN_DEPRECATED_OBJC_IMPLEMENTATIONS = YES;
				CLANG_WARN_DIRECT_OBJC_ISA_USAGE = YES_ERROR;
				CLANG_WARN_DOCUMENTATION_COMMENTS = YES;
				CLANG_WARN_EMPTY_BODY = YES;
				CLANG_WARN_ENUM_CONVERSION = YES;
				CLANG_WARN_INFINITE_RECURSION = YES;
				CLANG_WARN_INT_CONVERSION = YES;
				CLANG_WARN_NON_LITERAL_NULL_CONVERSION = YES;
				CLANG_WARN_OBJC_IMPLICIT_RETAIN_SELF = YES;
				CLANG_WARN_OBJC_LITERAL_CONVERSION = YES;
				CLANG_WARN_OBJC_ROOT_CLASS = YES_ERROR;
				CLANG_WARN_QUOTED_INCLUDE_IN_FRAMEWORK_HEADER = YES;
				CLANG_WARN_RANGE_LOOP_ANALYSIS = YES;
				CLANG_WARN_STRICT_PROTOTYPES = YES;
				CLANG_WARN_SUSPICIOUS_MOVE = YES;
				CLANG_WARN_UNGUARDED_AVAILABILITY = YES_AGGRESSIVE;
				CLANG_WARN_UNREACHABLE_CODE = YES;
				CLANG_WARN__DUPLICATE_METHOD_MATCH = YES;
				COPY_PHASE_STRIP = NO;
				DEBUG_INFORMATION_FORMAT = "dwarf-with-dsym";
				ENABLE_NS_ASSERTIONS = NO;
				ENABLE_STRICT_OBJC_MSGSEND = YES;
				GCC_C_LANGUAGE_STANDARD = gnu11;
				GCC_NO_COMMON_BLOCKS = YES;
				GCC_WARN_64_TO_32_BIT_CONVERSION = YES;
				GCC_WARN_ABOUT_RETURN_TYPE = YES_ERROR;
				GCC_WARN_UNDECLARED_SELECTOR = YES;
				GCC_WARN_UNINITIALIZED_AUTOS = YES_AGGRESSIVE;
				GCC_WARN_UNUSED_FUNCTION = YES;
				GCC_WARN_UNUSED_VARIABLE = YES;
				IPHONEOS_DEPLOYMENT_TARGET = 15.0;
				MTL_ENABLE_DEBUG_INFO = NO;
				MTL_FAST_MATH = YES;
				SDKROOT = iphoneos;
				SWIFT_COMPILATION_MODE = wholemodule;
				SWIFT_OPTIMIZATION_LEVEL = "-O";
				VALIDATE_PRODUCT = YES;
			};
			name = Release;
		};
		4F2F01D227316C54002C6452 /* Debug */ = {
			isa = XCBuildConfiguration;
			baseConfigurationReference = D24850D28F8F372854F49AD5 /* Pods-Smilegate_Blog.debug.xcconfig */;
			buildSettings = {
				ASSETCATALOG_COMPILER_APPICON_NAME = AppIcon;
				ASSETCATALOG_COMPILER_GLOBAL_ACCENT_COLOR_NAME = AccentColor;
				CODE_SIGN_STYLE = Automatic;
				CURRENT_PROJECT_VERSION = 1;
				DEVELOPMENT_TEAM = HAA376DX53;
				GENERATE_INFOPLIST_FILE = YES;
				INFOPLIST_FILE = Smilegate_Blog/Info.plist;
				INFOPLIST_KEY_UIApplicationSupportsIndirectInputEvents = YES;
				INFOPLIST_KEY_UILaunchStoryboardName = LaunchScreen;
				INFOPLIST_KEY_UIMainStoryboardFile = Main;
				INFOPLIST_KEY_UISupportedInterfaceOrientations_iPad = "UIInterfaceOrientationPortrait UIInterfaceOrientationPortraitUpsideDown UIInterfaceOrientationLandscapeLeft UIInterfaceOrientationLandscapeRight";
				INFOPLIST_KEY_UISupportedInterfaceOrientations_iPhone = "UIInterfaceOrientationPortrait UIInterfaceOrientationLandscapeLeft UIInterfaceOrientationLandscapeRight";
				LD_RUNPATH_SEARCH_PATHS = (
					"$(inherited)",
					"@executable_path/Frameworks",
				);
				MARKETING_VERSION = 1.0;
				PRODUCT_BUNDLE_IDENTIFIER = "com.heegee.Smilegate-Blog";
				PRODUCT_NAME = "$(TARGET_NAME)";
				SWIFT_EMIT_LOC_STRINGS = YES;
				SWIFT_VERSION = 5.0;
				TARGETED_DEVICE_FAMILY = "1,2";
			};
			name = Debug;
		};
		4F2F01D327316C54002C6452 /* Release */ = {
			isa = XCBuildConfiguration;
			baseConfigurationReference = 9103E6CB5DBDA1D46D34A218 /* Pods-Smilegate_Blog.release.xcconfig */;
			buildSettings = {
				ASSETCATALOG_COMPILER_APPICON_NAME = AppIcon;
				ASSETCATALOG_COMPILER_GLOBAL_ACCENT_COLOR_NAME = AccentColor;
				CODE_SIGN_STYLE = Automatic;
				CURRENT_PROJECT_VERSION = 1;
				DEVELOPMENT_TEAM = HAA376DX53;
				GENERATE_INFOPLIST_FILE = YES;
				INFOPLIST_FILE = Smilegate_Blog/Info.plist;
				INFOPLIST_KEY_UIApplicationSupportsIndirectInputEvents = YES;
				INFOPLIST_KEY_UILaunchStoryboardName = LaunchScreen;
				INFOPLIST_KEY_UIMainStoryboardFile = Main;
				INFOPLIST_KEY_UISupportedInterfaceOrientations_iPad = "UIInterfaceOrientationPortrait UIInterfaceOrientationPortraitUpsideDown UIInterfaceOrientationLandscapeLeft UIInterfaceOrientationLandscapeRight";
				INFOPLIST_KEY_UISupportedInterfaceOrientations_iPhone = "UIInterfaceOrientationPortrait UIInterfaceOrientationLandscapeLeft UIInterfaceOrientationLandscapeRight";
				LD_RUNPATH_SEARCH_PATHS = (
					"$(inherited)",
					"@executable_path/Frameworks",
				);
				MARKETING_VERSION = 1.0;
				PRODUCT_BUNDLE_IDENTIFIER = "com.heegee.Smilegate-Blog";
				PRODUCT_NAME = "$(TARGET_NAME)";
				SWIFT_EMIT_LOC_STRINGS = YES;
				SWIFT_VERSION = 5.0;
				TARGETED_DEVICE_FAMILY = "1,2";
			};
			name = Release;
		};
		4F2F01D527316C54002C6452 /* Debug */ = {
			isa = XCBuildConfiguration;
			baseConfigurationReference = 154EFFF26747A7687DC1D201 /* Pods-Smilegate_BlogTests.debug.xcconfig */;
			buildSettings = {
				ALWAYS_EMBED_SWIFT_STANDARD_LIBRARIES = YES;
				BUNDLE_LOADER = "$(TEST_HOST)";
				CODE_SIGN_STYLE = Automatic;
				CURRENT_PROJECT_VERSION = 1;
				DEVELOPMENT_TEAM = HAA376DX53;
				GENERATE_INFOPLIST_FILE = YES;
				IPHONEOS_DEPLOYMENT_TARGET = 15.0;
				LD_RUNPATH_SEARCH_PATHS = (
					"$(inherited)",
					"@executable_path/Frameworks",
					"@loader_path/Frameworks",
				);
				MARKETING_VERSION = 1.0;
				PRODUCT_BUNDLE_IDENTIFIER = "com.heegee.Smilegate-BlogTests";
				PRODUCT_NAME = "$(TARGET_NAME)";
				SWIFT_EMIT_LOC_STRINGS = NO;
				SWIFT_VERSION = 5.0;
				TARGETED_DEVICE_FAMILY = "1,2";
				TEST_HOST = "$(BUILT_PRODUCTS_DIR)/Smilegate_Blog.app/Smilegate_Blog";
			};
			name = Debug;
		};
		4F2F01D627316C54002C6452 /* Release */ = {
			isa = XCBuildConfiguration;
			baseConfigurationReference = 83F78598CAA69E4F282DA136 /* Pods-Smilegate_BlogTests.release.xcconfig */;
			buildSettings = {
				ALWAYS_EMBED_SWIFT_STANDARD_LIBRARIES = YES;
				BUNDLE_LOADER = "$(TEST_HOST)";
				CODE_SIGN_STYLE = Automatic;
				CURRENT_PROJECT_VERSION = 1;
				DEVELOPMENT_TEAM = HAA376DX53;
				GENERATE_INFOPLIST_FILE = YES;
				IPHONEOS_DEPLOYMENT_TARGET = 15.0;
				LD_RUNPATH_SEARCH_PATHS = (
					"$(inherited)",
					"@executable_path/Frameworks",
					"@loader_path/Frameworks",
				);
				MARKETING_VERSION = 1.0;
				PRODUCT_BUNDLE_IDENTIFIER = "com.heegee.Smilegate-BlogTests";
				PRODUCT_NAME = "$(TARGET_NAME)";
				SWIFT_EMIT_LOC_STRINGS = NO;
				SWIFT_VERSION = 5.0;
				TARGETED_DEVICE_FAMILY = "1,2";
				TEST_HOST = "$(BUILT_PRODUCTS_DIR)/Smilegate_Blog.app/Smilegate_Blog";
			};
			name = Release;
		};
		4F2F01D827316C54002C6452 /* Debug */ = {
			isa = XCBuildConfiguration;
			baseConfigurationReference = A2239F199B7FC78093BB6C72 /* Pods-Smilegate_Blog-Smilegate_BlogUITests.debug.xcconfig */;
			buildSettings = {
				ALWAYS_EMBED_SWIFT_STANDARD_LIBRARIES = YES;
				CODE_SIGN_STYLE = Automatic;
				CURRENT_PROJECT_VERSION = 1;
				DEVELOPMENT_TEAM = HAA376DX53;
				GENERATE_INFOPLIST_FILE = YES;
				LD_RUNPATH_SEARCH_PATHS = (
					"$(inherited)",
					"@executable_path/Frameworks",
					"@loader_path/Frameworks",
				);
				MARKETING_VERSION = 1.0;
				PRODUCT_BUNDLE_IDENTIFIER = "com.heegee.Smilegate-BlogUITests";
				PRODUCT_NAME = "$(TARGET_NAME)";
				SWIFT_EMIT_LOC_STRINGS = NO;
				SWIFT_VERSION = 5.0;
				TARGETED_DEVICE_FAMILY = "1,2";
				TEST_TARGET_NAME = Smilegate_Blog;
			};
			name = Debug;
		};
		4F2F01D927316C54002C6452 /* Release */ = {
			isa = XCBuildConfiguration;
			baseConfigurationReference = F59238E18DD1309216A5FE1E /* Pods-Smilegate_Blog-Smilegate_BlogUITests.release.xcconfig */;
			buildSettings = {
				ALWAYS_EMBED_SWIFT_STANDARD_LIBRARIES = YES;
				CODE_SIGN_STYLE = Automatic;
				CURRENT_PROJECT_VERSION = 1;
				DEVELOPMENT_TEAM = HAA376DX53;
				GENERATE_INFOPLIST_FILE = YES;
				LD_RUNPATH_SEARCH_PATHS = (
					"$(inherited)",
					"@executable_path/Frameworks",
					"@loader_path/Frameworks",
				);
				MARKETING_VERSION = 1.0;
				PRODUCT_BUNDLE_IDENTIFIER = "com.heegee.Smilegate-BlogUITests";
				PRODUCT_NAME = "$(TARGET_NAME)";
				SWIFT_EMIT_LOC_STRINGS = NO;
				SWIFT_VERSION = 5.0;
				TARGETED_DEVICE_FAMILY = "1,2";
				TEST_TARGET_NAME = Smilegate_Blog;
			};
			name = Release;
		};
/* End XCBuildConfiguration section */

/* Begin XCConfigurationList section */
		4F2F01A227316C51002C6452 /* Build configuration list for PBXProject "Smilegate_Blog" */ = {
			isa = XCConfigurationList;
			buildConfigurations = (
				4F2F01CF27316C54002C6452 /* Debug */,
				4F2F01D027316C54002C6452 /* Release */,
			);
			defaultConfigurationIsVisible = 0;
			defaultConfigurationName = Release;
		};
		4F2F01D127316C54002C6452 /* Build configuration list for PBXNativeTarget "Smilegate_Blog" */ = {
			isa = XCConfigurationList;
			buildConfigurations = (
				4F2F01D227316C54002C6452 /* Debug */,
				4F2F01D327316C54002C6452 /* Release */,
			);
			defaultConfigurationIsVisible = 0;
			defaultConfigurationName = Release;
		};
		4F2F01D427316C54002C6452 /* Build configuration list for PBXNativeTarget "Smilegate_BlogTests" */ = {
			isa = XCConfigurationList;
			buildConfigurations = (
				4F2F01D527316C54002C6452 /* Debug */,
				4F2F01D627316C54002C6452 /* Release */,
			);
			defaultConfigurationIsVisible = 0;
			defaultConfigurationName = Release;
		};
		4F2F01D727316C54002C6452 /* Build configuration list for PBXNativeTarget "Smilegate_BlogUITests" */ = {
			isa = XCConfigurationList;
			buildConfigurations = (
				4F2F01D827316C54002C6452 /* Debug */,
				4F2F01D927316C54002C6452 /* Release */,
			);
			defaultConfigurationIsVisible = 0;
			defaultConfigurationName = Release;
		};
/* End XCConfigurationList section */
	};
	rootObject = 4F2F019F27316C51002C6452 /* Project object */;
}
